// !$*UTF8*$!
{
	archiveVersion = 1;
	classes = {
	};
	objectVersion = 48;
	objects = {

/* Begin PBXBuildFile section */
		2F35BCCA205F5DAF00308C37 /* AppDelegate.swift in Sources */ = {isa = PBXBuildFile; fileRef = 2F35BCC9205F5DAF00308C37 /* AppDelegate.swift */; };
		2F35BCCC205F5DAF00308C37 /* ViewController.swift in Sources */ = {isa = PBXBuildFile; fileRef = 2F35BCCB205F5DAF00308C37 /* ViewController.swift */; };
		2F35BCCF205F5DAF00308C37 /* Main.storyboard in Resources */ = {isa = PBXBuildFile; fileRef = 2F35BCCD205F5DAF00308C37 /* Main.storyboard */; };
		2F35BCD1205F5DAF00308C37 /* Assets.xcassets in Resources */ = {isa = PBXBuildFile; fileRef = 2F35BCD0205F5DAF00308C37 /* Assets.xcassets */; };
		2F35BCD4205F5DAF00308C37 /* LaunchScreen.storyboard in Resources */ = {isa = PBXBuildFile; fileRef = 2F35BCD2205F5DAF00308C37 /* LaunchScreen.storyboard */; };
		2F35BCDF205F5DAF00308C37 /* telTests.swift in Sources */ = {isa = PBXBuildFile; fileRef = 2F35BCDE205F5DAF00308C37 /* telTests.swift */; };
		2F35BCEA205F5DAF00308C37 /* telUITests.swift in Sources */ = {isa = PBXBuildFile; fileRef = 2F35BCE9205F5DAF00308C37 /* telUITests.swift */; };
		2F35BD06205F70BF00308C37 /* BookViewController.swift in Sources */ = {isa = PBXBuildFile; fileRef = 2F35BD05205F70BF00308C37 /* BookViewController.swift */; };
		2F35BD08205F70D100308C37 /* HistoryViewController.swift in Sources */ = {isa = PBXBuildFile; fileRef = 2F35BD07205F70D100308C37 /* HistoryViewController.swift */; };
		2F35BD0A205F70E200308C37 /* AccountViewController.swift in Sources */ = {isa = PBXBuildFile; fileRef = 2F35BD09205F70E200308C37 /* AccountViewController.swift */; };
		2F35BD0D205F711400308C37 /* MenuViewController.swift in Sources */ = {isa = PBXBuildFile; fileRef = 2F35BD0C205F711400308C37 /* MenuViewController.swift */; };
		2F35BD0F205FAFE800308C37 /* Book.storyboard in Resources */ = {isa = PBXBuildFile; fileRef = 2F35BD0E205FAFE800308C37 /* Book.storyboard */; };
		2F35BD11205FAFFB00308C37 /* History.storyboard in Resources */ = {isa = PBXBuildFile; fileRef = 2F35BD10205FAFFB00308C37 /* History.storyboard */; };
		2F35BD13205FB00700308C37 /* Account.storyboard in Resources */ = {isa = PBXBuildFile; fileRef = 2F35BD12205FB00700308C37 /* Account.storyboard */; };
/* End PBXBuildFile section */

/* Begin PBXContainerItemProxy section */
		2F35BCDB205F5DAF00308C37 /* PBXContainerItemProxy */ = {
			isa = PBXContainerItemProxy;
			containerPortal = 2F35BCBE205F5DAF00308C37 /* Project object */;
			proxyType = 1;
			remoteGlobalIDString = 2F35BCC5205F5DAF00308C37;
			remoteInfo = tel;
		};
		2F35BCE6205F5DAF00308C37 /* PBXContainerItemProxy */ = {
			isa = PBXContainerItemProxy;
			containerPortal = 2F35BCBE205F5DAF00308C37 /* Project object */;
			proxyType = 1;
			remoteGlobalIDString = 2F35BCC5205F5DAF00308C37;
			remoteInfo = tel;
		};
/* End PBXContainerItemProxy section */

/* Begin PBXFileReference section */
		2F35BCC6205F5DAF00308C37 /* tel.app */ = {isa = PBXFileReference; explicitFileType = wrapper.application; includeInIndex = 0; path = tel.app; sourceTree = BUILT_PRODUCTS_DIR; };
		2F35BCC9205F5DAF00308C37 /* AppDelegate.swift */ = {isa = PBXFileReference; lastKnownFileType = sourcecode.swift; path = AppDelegate.swift; sourceTree = "<group>"; };
		2F35BCCB205F5DAF00308C37 /* ViewController.swift */ = {isa = PBXFileReference; lastKnownFileType = sourcecode.swift; path = ViewController.swift; sourceTree = "<group>"; };
		2F35BCCE205F5DAF00308C37 /* Base */ = {isa = PBXFileReference; lastKnownFileType = file.storyboard; name = Base; path = Base.lproj/Main.storyboard; sourceTree = "<group>"; };
		2F35BCD0205F5DAF00308C37 /* Assets.xcassets */ = {isa = PBXFileReference; lastKnownFileType = folder.assetcatalog; path = Assets.xcassets; sourceTree = "<group>"; };
		2F35BCD3205F5DAF00308C37 /* Base */ = {isa = PBXFileReference; lastKnownFileType = file.storyboard; name = Base; path = Base.lproj/LaunchScreen.storyboard; sourceTree = "<group>"; };
		2F35BCD5205F5DAF00308C37 /* Info.plist */ = {isa = PBXFileReference; lastKnownFileType = text.plist.xml; path = Info.plist; sourceTree = "<group>"; };
		2F35BCDA205F5DAF00308C37 /* telTests.xctest */ = {isa = PBXFileReference; explicitFileType = wrapper.cfbundle; includeInIndex = 0; path = telTests.xctest; sourceTree = BUILT_PRODUCTS_DIR; };
		2F35BCDE205F5DAF00308C37 /* telTests.swift */ = {isa = PBXFileReference; lastKnownFileType = sourcecode.swift; path = telTests.swift; sourceTree = "<group>"; };
		2F35BCE0205F5DAF00308C37 /* Info.plist */ = {isa = PBXFileReference; lastKnownFileType = text.plist.xml; path = Info.plist; sourceTree = "<group>"; };
		2F35BCE5205F5DAF00308C37 /* telUITests.xctest */ = {isa = PBXFileReference; explicitFileType = wrapper.cfbundle; includeInIndex = 0; path = telUITests.xctest; sourceTree = BUILT_PRODUCTS_DIR; };
		2F35BCE9205F5DAF00308C37 /* telUITests.swift */ = {isa = PBXFileReference; lastKnownFileType = sourcecode.swift; path = telUITests.swift; sourceTree = "<group>"; };
		2F35BCEB205F5DAF00308C37 /* Info.plist */ = {isa = PBXFileReference; lastKnownFileType = text.plist.xml; path = Info.plist; sourceTree = "<group>"; };
		2F35BD05205F70BF00308C37 /* BookViewController.swift */ = {isa = PBXFileReference; lastKnownFileType = sourcecode.swift; path = BookViewController.swift; sourceTree = "<group>"; };
		2F35BD07205F70D100308C37 /* HistoryViewController.swift */ = {isa = PBXFileReference; lastKnownFileType = sourcecode.swift; path = HistoryViewController.swift; sourceTree = "<group>"; };
		2F35BD09205F70E200308C37 /* AccountViewController.swift */ = {isa = PBXFileReference; lastKnownFileType = sourcecode.swift; path = AccountViewController.swift; sourceTree = "<group>"; };
		2F35BD0C205F711400308C37 /* MenuViewController.swift */ = {isa = PBXFileReference; lastKnownFileType = sourcecode.swift; path = MenuViewController.swift; sourceTree = "<group>"; };
		2F35BD0E205FAFE800308C37 /* Book.storyboard */ = {isa = PBXFileReference; lastKnownFileType = file.storyboard; path = Book.storyboard; sourceTree = "<group>"; };
		2F35BD10205FAFFB00308C37 /* History.storyboard */ = {isa = PBXFileReference; lastKnownFileType = file.storyboard; path = History.storyboard; sourceTree = "<group>"; };
		2F35BD12205FB00700308C37 /* Account.storyboard */ = {isa = PBXFileReference; lastKnownFileType = file.storyboard; path = Account.storyboard; sourceTree = "<group>"; };
/* End PBXFileReference section */

/* Begin PBXFrameworksBuildPhase section */
		2F35BCC3205F5DAF00308C37 /* Frameworks */ = {
			isa = PBXFrameworksBuildPhase;
			buildActionMask = 2147483647;
			files = (
			);
			runOnlyForDeploymentPostprocessing = 0;
		};
		2F35BCD7205F5DAF00308C37 /* Frameworks */ = {
			isa = PBXFrameworksBuildPhase;
			buildActionMask = 2147483647;
			files = (
			);
			runOnlyForDeploymentPostprocessing = 0;
		};
		2F35BCE2205F5DAF00308C37 /* Frameworks */ = {
			isa = PBXFrameworksBuildPhase;
			buildActionMask = 2147483647;
			files = (
			);
			runOnlyForDeploymentPostprocessing = 0;
		};
/* End PBXFrameworksBuildPhase section */

/* Begin PBXGroup section */
		2F35BCBD205F5DAF00308C37 = {
			isa = PBXGroup;
			children = (
				2F35BCC8205F5DAF00308C37 /* tel */,
				2F35BCDD205F5DAF00308C37 /* telTests */,
				2F35BCE8205F5DAF00308C37 /* telUITests */,
				2F35BCC7205F5DAF00308C37 /* Products */,
			);
			sourceTree = "<group>";
		};
		2F35BCC7205F5DAF00308C37 /* Products */ = {
			isa = PBXGroup;
			children = (
				2F35BCC6205F5DAF00308C37 /* tel.app */,
				2F35BCDA205F5DAF00308C37 /* telTests.xctest */,
				2F35BCE5205F5DAF00308C37 /* telUITests.xctest */,
			);
			name = Products;
			sourceTree = "<group>";
		};
		2F35BCC8205F5DAF00308C37 /* tel */ = {
			isa = PBXGroup;
			children = (
				2F35BCD5205F5DAF00308C37 /* Info.plist */,
				2F35BCD0205F5DAF00308C37 /* Assets.xcassets */,
				2F35BCC9205F5DAF00308C37 /* AppDelegate.swift */,
				2F35BCCD205F5DAF00308C37 /* Main.storyboard */,
				2F35BCD2205F5DAF00308C37 /* LaunchScreen.storyboard */,
				2F35BCFB205F6EF600308C37 /* ViewControllers */,
			);
			path = tel;
			sourceTree = "<group>";
		};
		2F35BCDD205F5DAF00308C37 /* telTests */ = {
			isa = PBXGroup;
			children = (
				2F35BCDE205F5DAF00308C37 /* telTests.swift */,
				2F35BCE0205F5DAF00308C37 /* Info.plist */,
			);
			path = telTests;
			sourceTree = "<group>";
		};
		2F35BCE8205F5DAF00308C37 /* telUITests */ = {
			isa = PBXGroup;
			children = (
				2F35BCE9205F5DAF00308C37 /* telUITests.swift */,
				2F35BCEB205F5DAF00308C37 /* Info.plist */,
			);
			path = telUITests;
			sourceTree = "<group>";
		};
		2F35BCFB205F6EF600308C37 /* ViewControllers */ = {
			isa = PBXGroup;
			children = (
				2F35BCCB205F5DAF00308C37 /* ViewController.swift */,
				2F35BD0B205F70E800308C37 /* Common */,
				2F35BCFC205F6F0F00308C37 /* Book */,
				2F35BCFD205F6F2D00308C37 /* History */,
				2F35BCFE205F6F4000308C37 /* Account */,
			);
			path = ViewControllers;
			sourceTree = "<group>";
		};
		2F35BCFC205F6F0F00308C37 /* Book */ = {
			isa = PBXGroup;
			children = (
				2F35BD0E205FAFE800308C37 /* Book.storyboard */,
				2F35BD05205F70BF00308C37 /* BookViewController.swift */,
			);
			path = Book;
			sourceTree = "<group>";
		};
		2F35BCFD205F6F2D00308C37 /* History */ = {
			isa = PBXGroup;
			children = (
				2F35BD10205FAFFB00308C37 /* History.storyboard */,
				2F35BD07205F70D100308C37 /* HistoryViewController.swift */,
			);
			path = History;
			sourceTree = "<group>";
		};
		2F35BCFE205F6F4000308C37 /* Account */ = {
			isa = PBXGroup;
			children = (
				2F35BD12205FB00700308C37 /* Account.storyboard */,
				2F35BD09205F70E200308C37 /* AccountViewController.swift */,
			);
			path = Account;
			sourceTree = "<group>";
		};
		2F35BD0B205F70E800308C37 /* Common */ = {
			isa = PBXGroup;
			children = (
				2F35BD0C205F711400308C37 /* MenuViewController.swift */,
			);
			path = Common;
			sourceTree = "<group>";
		};
/* End PBXGroup section */

/* Begin PBXNativeTarget section */
		2F35BCC5205F5DAF00308C37 /* tel */ = {
			isa = PBXNativeTarget;
			buildConfigurationList = 2F35BCEE205F5DAF00308C37 /* Build configuration list for PBXNativeTarget "tel" */;
			buildPhases = (
				2F35BCC2205F5DAF00308C37 /* Sources */,
				2F35BCC3205F5DAF00308C37 /* Frameworks */,
				2F35BCC4205F5DAF00308C37 /* Resources */,
			);
			buildRules = (
			);
			dependencies = (
			);
			name = tel;
			productName = tel;
			productReference = 2F35BCC6205F5DAF00308C37 /* tel.app */;
			productType = "com.apple.product-type.application";
		};
		2F35BCD9205F5DAF00308C37 /* telTests */ = {
			isa = PBXNativeTarget;
			buildConfigurationList = 2F35BCF1205F5DAF00308C37 /* Build configuration list for PBXNativeTarget "telTests" */;
			buildPhases = (
				2F35BCD6205F5DAF00308C37 /* Sources */,
				2F35BCD7205F5DAF00308C37 /* Frameworks */,
				2F35BCD8205F5DAF00308C37 /* Resources */,
			);
			buildRules = (
			);
			dependencies = (
				2F35BCDC205F5DAF00308C37 /* PBXTargetDependency */,
			);
			name = telTests;
			productName = telTests;
			productReference = 2F35BCDA205F5DAF00308C37 /* telTests.xctest */;
			productType = "com.apple.product-type.bundle.unit-test";
		};
		2F35BCE4205F5DAF00308C37 /* telUITests */ = {
			isa = PBXNativeTarget;
			buildConfigurationList = 2F35BCF4205F5DAF00308C37 /* Build configuration list for PBXNativeTarget "telUITests" */;
			buildPhases = (
				2F35BCE1205F5DAF00308C37 /* Sources */,
				2F35BCE2205F5DAF00308C37 /* Frameworks */,
				2F35BCE3205F5DAF00308C37 /* Resources */,
			);
			buildRules = (
			);
			dependencies = (
				2F35BCE7205F5DAF00308C37 /* PBXTargetDependency */,
			);
			name = telUITests;
			productName = telUITests;
			productReference = 2F35BCE5205F5DAF00308C37 /* telUITests.xctest */;
			productType = "com.apple.product-type.bundle.ui-testing";
		};
/* End PBXNativeTarget section */

/* Begin PBXProject section */
		2F35BCBE205F5DAF00308C37 /* Project object */ = {
			isa = PBXProject;
			attributes = {
				LastSwiftUpdateCheck = 0920;
				LastUpgradeCheck = 0920;
				ORGANIZATIONNAME = "Watanabe Takehiro";
				TargetAttributes = {
					2F35BCC5205F5DAF00308C37 = {
						CreatedOnToolsVersion = 9.2;
						ProvisioningStyle = Automatic;
					};
					2F35BCD9205F5DAF00308C37 = {
						CreatedOnToolsVersion = 9.2;
						ProvisioningStyle = Automatic;
						TestTargetID = 2F35BCC5205F5DAF00308C37;
					};
					2F35BCE4205F5DAF00308C37 = {
						CreatedOnToolsVersion = 9.2;
						ProvisioningStyle = Automatic;
						TestTargetID = 2F35BCC5205F5DAF00308C37;
					};
				};
			};
			buildConfigurationList = 2F35BCC1205F5DAF00308C37 /* Build configuration list for PBXProject "tel" */;
			compatibilityVersion = "Xcode 8.0";
			developmentRegion = en;
			hasScannedForEncodings = 0;
			knownRegions = (
				en,
				Base,
			);
			mainGroup = 2F35BCBD205F5DAF00308C37;
			productRefGroup = 2F35BCC7205F5DAF00308C37 /* Products */;
			projectDirPath = "";
			projectRoot = "";
			targets = (
				2F35BCC5205F5DAF00308C37 /* tel */,
				2F35BCD9205F5DAF00308C37 /* telTests */,
				2F35BCE4205F5DAF00308C37 /* telUITests */,
			);
		};
/* End PBXProject section */

/* Begin PBXResourcesBuildPhase section */
		2F35BCC4205F5DAF00308C37 /* Resources */ = {
			isa = PBXResourcesBuildPhase;
			buildActionMask = 2147483647;
			files = (
				2F35BCD4205F5DAF00308C37 /* LaunchScreen.storyboard in Resources */,
				2F35BD0F205FAFE800308C37 /* Book.storyboard in Resources */,
				2F35BCD1205F5DAF00308C37 /* Assets.xcassets in Resources */,
				2F35BD11205FAFFB00308C37 /* History.storyboard in Resources */,
				2F35BD13205FB00700308C37 /* Account.storyboard in Resources */,
				2F35BCCF205F5DAF00308C37 /* Main.storyboard in Resources */,
			);
			runOnlyForDeploymentPostprocessing = 0;
		};
		2F35BCD8205F5DAF00308C37 /* Resources */ = {
			isa = PBXResourcesBuildPhase;
			buildActionMask = 2147483647;
			files = (
			);
			runOnlyForDeploymentPostprocessing = 0;
		};
		2F35BCE3205F5DAF00308C37 /* Resources */ = {
			isa = PBXResourcesBuildPhase;
			buildActionMask = 2147483647;
			files = (
			);
			runOnlyForDeploymentPostprocessing = 0;
		};
/* End PBXResourcesBuildPhase section */

/* Begin PBXSourcesBuildPhase section */
		2F35BCC2205F5DAF00308C37 /* Sources */ = {
			isa = PBXSourcesBuildPhase;
			buildActionMask = 2147483647;
			files = (
				2F35BD0A205F70E200308C37 /* AccountViewController.swift in Sources */,
				2F35BCCC205F5DAF00308C37 /* ViewController.swift in Sources */,
				2F35BD0D205F711400308C37 /* MenuViewController.swift in Sources */,
				2F35BD06205F70BF00308C37 /* BookViewController.swift in Sources */,
				2F35BCCA205F5DAF00308C37 /* AppDelegate.swift in Sources */,
				2F35BD08205F70D100308C37 /* HistoryViewController.swift in Sources */,
			);
			runOnlyForDeploymentPostprocessing = 0;
		};
		2F35BCD6205F5DAF00308C37 /* Sources */ = {
			isa = PBXSourcesBuildPhase;
			buildActionMask = 2147483647;
			files = (
				2F35BCDF205F5DAF00308C37 /* telTests.swift in Sources */,
			);
			runOnlyForDeploymentPostprocessing = 0;
		};
		2F35BCE1205F5DAF00308C37 /* Sources */ = {
			isa = PBXSourcesBuildPhase;
			buildActionMask = 2147483647;
			files = (
				2F35BCEA205F5DAF00308C37 /* telUITests.swift in Sources */,
			);
			runOnlyForDeploymentPostprocessing = 0;
		};
/* End PBXSourcesBuildPhase section */

/* Begin PBXTargetDependency section */
		2F35BCDC205F5DAF00308C37 /* PBXTargetDependency */ = {
			isa = PBXTargetDependency;
			target = 2F35BCC5205F5DAF00308C37 /* tel */;
			targetProxy = 2F35BCDB205F5DAF00308C37 /* PBXContainerItemProxy */;
		};
		2F35BCE7205F5DAF00308C37 /* PBXTargetDependency */ = {
			isa = PBXTargetDependency;
			target = 2F35BCC5205F5DAF00308C37 /* tel */;
			targetProxy = 2F35BCE6205F5DAF00308C37 /* PBXContainerItemProxy */;
		};
/* End PBXTargetDependency section */

/* Begin PBXVariantGroup section */
		2F35BCCD205F5DAF00308C37 /* Main.storyboard */ = {
			isa = PBXVariantGroup;
			children = (
				2F35BCCE205F5DAF00308C37 /* Base */,
			);
			name = Main.storyboard;
			sourceTree = "<group>";
		};
		2F35BCD2205F5DAF00308C37 /* LaunchScreen.storyboard */ = {
			isa = PBXVariantGroup;
			children = (
				2F35BCD3205F5DAF00308C37 /* Base */,
			);
			name = LaunchScreen.storyboard;
			sourceTree = "<group>";
		};
/* End PBXVariantGroup section */

/* Begin XCBuildConfiguration section */
		2F35BCEC205F5DAF00308C37 /* Debug */ = {
			isa = XCBuildConfiguration;
			buildSettings = {
				ALWAYS_SEARCH_USER_PATHS = NO;
				CLANG_ANALYZER_NONNULL = YES;
				CLANG_ANALYZER_NUMBER_OBJECT_CONVERSION = YES_AGGRESSIVE;
				CLANG_CXX_LANGUAGE_STANDARD = "gnu++14";
				CLANG_CXX_LIBRARY = "libc++";
				CLANG_ENABLE_MODULES = YES;
				CLANG_ENABLE_OBJC_ARC = YES;
				CLANG_WARN_BLOCK_CAPTURE_AUTORELEASING = YES;
				CLANG_WARN_BOOL_CONVERSION = YES;
				CLANG_WARN_COMMA = YES;
				CLANG_WARN_CONSTANT_CONVERSION = YES;
				CLANG_WARN_DIRECT_OBJC_ISA_USAGE = YES_ERROR;
				CLANG_WARN_DOCUMENTATION_COMMENTS = YES;
				CLANG_WARN_EMPTY_BODY = YES;
				CLANG_WARN_ENUM_CONVERSION = YES;
				CLANG_WARN_INFINITE_RECURSION = YES;
				CLANG_WARN_INT_CONVERSION = YES;
				CLANG_WARN_NON_LITERAL_NULL_CONVERSION = YES;
				CLANG_WARN_OBJC_LITERAL_CONVERSION = YES;
				CLANG_WARN_OBJC_ROOT_CLASS = YES_ERROR;
				CLANG_WARN_RANGE_LOOP_ANALYSIS = YES;
				CLANG_WARN_STRICT_PROTOTYPES = YES;
				CLANG_WARN_SUSPICIOUS_MOVE = YES;
				CLANG_WARN_UNGUARDED_AVAILABILITY = YES_AGGRESSIVE;
				CLANG_WARN_UNREACHABLE_CODE = YES;
				CLANG_WARN__DUPLICATE_METHOD_MATCH = YES;
				CODE_SIGN_IDENTITY = "iPhone Developer";
				COPY_PHASE_STRIP = NO;
				DEBUG_INFORMATION_FORMAT = dwarf;
				ENABLE_STRICT_OBJC_MSGSEND = YES;
				ENABLE_TESTABILITY = YES;
				GCC_C_LANGUAGE_STANDARD = gnu11;
				GCC_DYNAMIC_NO_PIC = NO;
				GCC_NO_COMMON_BLOCKS = YES;
				GCC_OPTIMIZATION_LEVEL = 0;
				GCC_PREPROCESSOR_DEFINITIONS = (
					"DEBUG=1",
					"$(inherited)",
				);
				GCC_WARN_64_TO_32_BIT_CONVERSION = YES;
				GCC_WARN_ABOUT_RETURN_TYPE = YES_ERROR;
				GCC_WARN_UNDECLARED_SELECTOR = YES;
				GCC_WARN_UNINITIALIZED_AUTOS = YES_AGGRESSIVE;
				GCC_WARN_UNUSED_FUNCTION = YES;
				GCC_WARN_UNUSED_VARIABLE = YES;
				IPHONEOS_DEPLOYMENT_TARGET = 11.2;
				MTL_ENABLE_DEBUG_INFO = YES;
				ONLY_ACTIVE_ARCH = YES;
				SDKROOT = iphoneos;
				SWIFT_ACTIVE_COMPILATION_CONDITIONS = DEBUG;
				SWIFT_OPTIMIZATION_LEVEL = "-Onone";
			};
			name = Debug;
		};
		2F35BCED205F5DAF00308C37 /* Release */ = {
			isa = XCBuildConfiguration;
			buildSettings = {
				ALWAYS_SEARCH_USER_PATHS = NO;
				CLANG_ANALYZER_NONNULL = YES;
				CLANG_ANALYZER_NUMBER_OBJECT_CONVERSION = YES_AGGRESSIVE;
				CLANG_CXX_LANGUAGE_STANDARD = "gnu++14";
				CLANG_CXX_LIBRARY = "libc++";
				CLANG_ENABLE_MODULES = YES;
				CLANG_ENABLE_OBJC_ARC = YES;
				CLANG_WARN_BLOCK_CAPTURE_AUTORELEASING = YES;
				CLANG_WARN_BOOL_CONVERSION = YES;
				CLANG_WARN_COMMA = YES;
				CLANG_WARN_CONSTANT_CONVERSION = YES;
				CLANG_WARN_DIRECT_OBJC_ISA_USAGE = YES_ERROR;
				CLANG_WARN_DOCUMENTATION_COMMENTS = YES;
				CLANG_WARN_EMPTY_BODY = YES;
				CLANG_WARN_ENUM_CONVERSION = YES;
				CLANG_WARN_INFINITE_RECURSION = YES;
				CLANG_WARN_INT_CONVERSION = YES;
				CLANG_WARN_NON_LITERAL_NULL_CONVERSION = YES;
				CLANG_WARN_OBJC_LITERAL_CONVERSION = YES;
				CLANG_WARN_OBJC_ROOT_CLASS = YES_ERROR;
				CLANG_WARN_RANGE_LOOP_ANALYSIS = YES;
				CLANG_WARN_STRICT_PROTOTYPES = YES;
				CLANG_WARN_SUSPICIOUS_MOVE = YES;
				CLANG_WARN_UNGUARDED_AVAILABILITY = YES_AGGRESSIVE;
				CLANG_WARN_UNREACHABLE_CODE = YES;
				CLANG_WARN__DUPLICATE_METHOD_MATCH = YES;
				CODE_SIGN_IDENTITY = "iPhone Developer";
				COPY_PHASE_STRIP = NO;
				DEBUG_INFORMATION_FORMAT = "dwarf-with-dsym";
				ENABLE_NS_ASSERTIONS = NO;
				ENABLE_STRICT_OBJC_MSGSEND = YES;
				GCC_C_LANGUAGE_STANDARD = gnu11;
				GCC_NO_COMMON_BLOCKS = YES;
				GCC_WARN_64_TO_32_BIT_CONVERSION = YES;
				GCC_WARN_ABOUT_RETURN_TYPE = YES_ERROR;
				GCC_WARN_UNDECLARED_SELECTOR = YES;
				GCC_WARN_UNINITIALIZED_AUTOS = YES_AGGRESSIVE;
				GCC_WARN_UNUSED_FUNCTION = YES;
				GCC_WARN_UNUSED_VARIABLE = YES;
				IPHONEOS_DEPLOYMENT_TARGET = 11.2;
				MTL_ENABLE_DEBUG_INFO = NO;
				SDKROOT = iphoneos;
				SWIFT_OPTIMIZATION_LEVEL = "-Owholemodule";
				VALIDATE_PRODUCT = YES;
			};
			name = Release;
		};
		2F35BCEF205F5DAF00308C37 /* Debug */ = {
			isa = XCBuildConfiguration;
			buildSettings = {
				ASSETCATALOG_COMPILER_APPICON_NAME = AppIcon;
				CODE_SIGN_STYLE = Automatic;
				DEVELOPMENT_TEAM = YMCFLQ9MSP;
				INFOPLIST_FILE = tel/Info.plist;
				LD_RUNPATH_SEARCH_PATHS = "$(inherited) @executable_path/Frameworks";
				PRODUCT_BUNDLE_IDENTIFIER = jp.co.globis.tel;
				PRODUCT_NAME = "$(TARGET_NAME)";
				SWIFT_VERSION = 4.0;
				TARGETED_DEVICE_FAMILY = "1,2";
			};
			name = Debug;
		};
		2F35BCF0205F5DAF00308C37 /* Release */ = {
			isa = XCBuildConfiguration;
			buildSettings = {
				ASSETCATALOG_COMPILER_APPICON_NAME = AppIcon;
				CODE_SIGN_STYLE = Automatic;
				DEVELOPMENT_TEAM = YMCFLQ9MSP;
				INFOPLIST_FILE = tel/Info.plist;
				LD_RUNPATH_SEARCH_PATHS = "$(inherited) @executable_path/Frameworks";
				PRODUCT_BUNDLE_IDENTIFIER = jp.co.globis.tel;
				PRODUCT_NAME = "$(TARGET_NAME)";
				SWIFT_VERSION = 4.0;
				TARGETED_DEVICE_FAMILY = "1,2";
			};
			name = Release;
		};
		2F35BCF2205F5DAF00308C37 /* Debug */ = {
			isa = XCBuildConfiguration;
			buildSettings = {
				ALWAYS_EMBED_SWIFT_STANDARD_LIBRARIES = YES;
				BUNDLE_LOADER = "$(TEST_HOST)";
				CODE_SIGN_STYLE = Automatic;
				DEVELOPMENT_TEAM = YMCFLQ9MSP;
				INFOPLIST_FILE = telTests/Info.plist;
				LD_RUNPATH_SEARCH_PATHS = "$(inherited) @executable_path/Frameworks @loader_path/Frameworks";
				PRODUCT_BUNDLE_IDENTIFIER = jp.co.globis.telTests;
				PRODUCT_NAME = "$(TARGET_NAME)";
				SWIFT_VERSION = 4.0;
				TARGETED_DEVICE_FAMILY = "1,2";
				TEST_HOST = "$(BUILT_PRODUCTS_DIR)/tel.app/tel";
			};
			name = Debug;
		};
		2F35BCF3205F5DAF00308C37 /* Release */ = {
			isa = XCBuildConfiguration;
			buildSettings = {
				ALWAYS_EMBED_SWIFT_STANDARD_LIBRARIES = YES;
				BUNDLE_LOADER = "$(TEST_HOST)";
				CODE_SIGN_STYLE = Automatic;
				DEVELOPMENT_TEAM = YMCFLQ9MSP;
				INFOPLIST_FILE = telTests/Info.plist;
				LD_RUNPATH_SEARCH_PATHS = "$(inherited) @executable_path/Frameworks @loader_path/Frameworks";
				PRODUCT_BUNDLE_IDENTIFIER = jp.co.globis.telTests;
				PRODUCT_NAME = "$(TARGET_NAME)";
				SWIFT_VERSION = 4.0;
				TARGETED_DEVICE_FAMILY = "1,2";
				TEST_HOST = "$(BUILT_PRODUCTS_DIR)/tel.app/tel";
			};
			name = Release;
		};
		2F35BCF5205F5DAF00308C37 /* Debug */ = {
			isa = XCBuildConfiguration;
			buildSettings = {
				ALWAYS_EMBED_SWIFT_STANDARD_LIBRARIES = YES;
				CODE_SIGN_STYLE = Automatic;
				DEVELOPMENT_TEAM = YMCFLQ9MSP;
				INFOPLIST_FILE = telUITests/Info.plist;
				LD_RUNPATH_SEARCH_PATHS = "$(inherited) @executable_path/Frameworks @loader_path/Frameworks";
				PRODUCT_BUNDLE_IDENTIFIER = jp.co.globis.telUITests;
				PRODUCT_NAME = "$(TARGET_NAME)";
				SWIFT_VERSION = 4.0;
				TARGETED_DEVICE_FAMILY = "1,2";
				TEST_TARGET_NAME = tel;
			};
			name = Debug;
		};
		2F35BCF6205F5DAF00308C37 /* Release */ = {
			isa = XCBuildConfiguration;
			buildSettings = {
				ALWAYS_EMBED_SWIFT_STANDARD_LIBRARIES = YES;
				CODE_SIGN_STYLE = Automatic;
				DEVELOPMENT_TEAM = YMCFLQ9MSP;
				INFOPLIST_FILE = telUITests/Info.plist;
				LD_RUNPATH_SEARCH_PATHS = "$(inherited) @executable_path/Frameworks @loader_path/Frameworks";
				PRODUCT_BUNDLE_IDENTIFIER = jp.co.globis.telUITests;
				PRODUCT_NAME = "$(TARGET_NAME)";
				SWIFT_VERSION = 4.0;
				TARGETED_DEVICE_FAMILY = "1,2";
				TEST_TARGET_NAME = tel;
			};
			name = Release;
		};
		2F35BCF7205F5E2300308C37 /* Develop */ = {
			isa = XCBuildConfiguration;
			buildSettings = {
				ALWAYS_SEARCH_USER_PATHS = NO;
				CLANG_ANALYZER_NONNULL = YES;
				CLANG_ANALYZER_NUMBER_OBJECT_CONVERSION = YES_AGGRESSIVE;
				CLANG_CXX_LANGUAGE_STANDARD = "gnu++14";
				CLANG_CXX_LIBRARY = "libc++";
				CLANG_ENABLE_MODULES = YES;
				CLANG_ENABLE_OBJC_ARC = YES;
				CLANG_WARN_BLOCK_CAPTURE_AUTORELEASING = YES;
				CLANG_WARN_BOOL_CONVERSION = YES;
				CLANG_WARN_COMMA = YES;
				CLANG_WARN_CONSTANT_CONVERSION = YES;
				CLANG_WARN_DIRECT_OBJC_ISA_USAGE = YES_ERROR;
				CLANG_WARN_DOCUMENTATION_COMMENTS = YES;
				CLANG_WARN_EMPTY_BODY = YES;
				CLANG_WARN_ENUM_CONVERSION = YES;
				CLANG_WARN_INFINITE_RECURSION = YES;
				CLANG_WARN_INT_CONVERSION = YES;
				CLANG_WARN_NON_LITERAL_NULL_CONVERSION = YES;
				CLANG_WARN_OBJC_LITERAL_CONVERSION = YES;
				CLANG_WARN_OBJC_ROOT_CLASS = YES_ERROR;
				CLANG_WARN_RANGE_LOOP_ANALYSIS = YES;
				CLANG_WARN_STRICT_PROTOTYPES = YES;
				CLANG_WARN_SUSPICIOUS_MOVE = YES;
				CLANG_WARN_UNGUARDED_AVAILABILITY = YES_AGGRESSIVE;
				CLANG_WARN_UNREACHABLE_CODE = YES;
				CLANG_WARN__DUPLICATE_METHOD_MATCH = YES;
				CODE_SIGN_IDENTITY = "iPhone Developer";
				COPY_PHASE_STRIP = NO;
				DEBUG_INFORMATION_FORMAT = dwarf;
				ENABLE_STRICT_OBJC_MSGSEND = YES;
				ENABLE_TESTABILITY = YES;
				GCC_C_LANGUAGE_STANDARD = gnu11;
				GCC_DYNAMIC_NO_PIC = NO;
				GCC_NO_COMMON_BLOCKS = YES;
				GCC_OPTIMIZATION_LEVEL = 0;
				GCC_PREPROCESSOR_DEFINITIONS = (
					"DEBUG=1",
					"$(inherited)",
				);
				GCC_WARN_64_TO_32_BIT_CONVERSION = YES;
				GCC_WARN_ABOUT_RETURN_TYPE = YES_ERROR;
				GCC_WARN_UNDECLARED_SELECTOR = YES;
				GCC_WARN_UNINITIALIZED_AUTOS = YES_AGGRESSIVE;
				GCC_WARN_UNUSED_FUNCTION = YES;
				GCC_WARN_UNUSED_VARIABLE = YES;
				IPHONEOS_DEPLOYMENT_TARGET = 11.2;
				MTL_ENABLE_DEBUG_INFO = YES;
				ONLY_ACTIVE_ARCH = YES;
				SDKROOT = iphoneos;
				SWIFT_ACTIVE_COMPILATION_CONDITIONS = DEBUG;
				SWIFT_OPTIMIZATION_LEVEL = "-Onone";
			};
			name = Develop;
		};
		2F35BCF8205F5E2300308C37 /* Develop */ = {
			isa = XCBuildConfiguration;
			buildSettings = {
				ASSETCATALOG_COMPILER_APPICON_NAME = AppIcon;
				CODE_SIGN_STYLE = Automatic;
				DEVELOPMENT_TEAM = YMCFLQ9MSP;
				GCC_PREPROCESSOR_DEFINITIONS = "DEVELOP=1";
				INFOPLIST_FILE = tel/Info.plist;
				LD_RUNPATH_SEARCH_PATHS = "$(inherited) @executable_path/Frameworks";
				PRODUCT_BUNDLE_IDENTIFIER = jp.co.globis.tel;
				PRODUCT_NAME = "$(TARGET_NAME)";
				SWIFT_ACTIVE_COMPILATION_CONDITIONS = DEVELOP;
				SWIFT_VERSION = 4.0;
				TARGETED_DEVICE_FAMILY = "1,2";
			};
			name = Develop;
		};
		2F35BCF9205F5E2300308C37 /* Develop */ = {
			isa = XCBuildConfiguration;
			buildSettings = {
				ALWAYS_EMBED_SWIFT_STANDARD_LIBRARIES = YES;
				BUNDLE_LOADER = "$(TEST_HOST)";
				CODE_SIGN_STYLE = Automatic;
				DEVELOPMENT_TEAM = YMCFLQ9MSP;
				INFOPLIST_FILE = telTests/Info.plist;
				LD_RUNPATH_SEARCH_PATHS = "$(inherited) @executable_path/Frameworks @loader_path/Frameworks";
				PRODUCT_BUNDLE_IDENTIFIER = jp.co.globis.telTests;
				PRODUCT_NAME = "$(TARGET_NAME)";
				SWIFT_VERSION = 4.0;
				TARGETED_DEVICE_FAMILY = "1,2";
				TEST_HOST = "$(BUILT_PRODUCTS_DIR)/tel.app/tel";
			};
			name = Develop;
		};
		2F35BCFA205F5E2300308C37 /* Develop */ = {
			isa = XCBuildConfiguration;
			buildSettings = {
				ALWAYS_EMBED_SWIFT_STANDARD_LIBRARIES = YES;
				CODE_SIGN_STYLE = Automatic;
				DEVELOPMENT_TEAM = YMCFLQ9MSP;
				INFOPLIST_FILE = telUITests/Info.plist;
				LD_RUNPATH_SEARCH_PATHS = "$(inherited) @executable_path/Frameworks @loader_path/Frameworks";
				PRODUCT_BUNDLE_IDENTIFIER = jp.co.globis.telUITests;
				PRODUCT_NAME = "$(TARGET_NAME)";
				SWIFT_VERSION = 4.0;
				TARGETED_DEVICE_FAMILY = "1,2";
				TEST_TARGET_NAME = tel;
			};
			name = Develop;
		};
/* End XCBuildConfiguration section */

/* Begin XCConfigurationList section */
		2F35BCC1205F5DAF00308C37 /* Build configuration list for PBXProject "tel" */ = {
			isa = XCConfigurationList;
			buildConfigurations = (
				2F35BCEC205F5DAF00308C37 /* Debug */,
				2F35BCF7205F5E2300308C37 /* Develop */,
				2F35BCED205F5DAF00308C37 /* Release */,
			);
			defaultConfigurationIsVisible = 0;
			defaultConfigurationName = Release;
		};
		2F35BCEE205F5DAF00308C37 /* Build configuration list for PBXNativeTarget "tel" */ = {
			isa = XCConfigurationList;
			buildConfigurations = (
				2F35BCEF205F5DAF00308C37 /* Debug */,
				2F35BCF8205F5E2300308C37 /* Develop */,
				2F35BCF0205F5DAF00308C37 /* Release */,
			);
			defaultConfigurationIsVisible = 0;
			defaultConfigurationName = Release;
		};
		2F35BCF1205F5DAF00308C37 /* Build configuration list for PBXNativeTarget "telTests" */ = {
			isa = XCConfigurationList;
			buildConfigurations = (
				2F35BCF2205F5DAF00308C37 /* Debug */,
				2F35BCF9205F5E2300308C37 /* Develop */,
				2F35BCF3205F5DAF00308C37 /* Release */,
			);
			defaultConfigurationIsVisible = 0;
			defaultConfigurationName = Release;
		};
		2F35BCF4205F5DAF00308C37 /* Build configuration list for PBXNativeTarget "telUITests" */ = {
			isa = XCConfigurationList;
			buildConfigurations = (
				2F35BCF5205F5DAF00308C37 /* Debug */,
				2F35BCFA205F5E2300308C37 /* Develop */,
				2F35BCF6205F5DAF00308C37 /* Release */,
			);
			defaultConfigurationIsVisible = 0;
			defaultConfigurationName = Release;
		};
/* End XCConfigurationList section */
	};
	rootObject = 2F35BCBE205F5DAF00308C37 /* Project object */;
}
